
Microsoft Visual Studio Solution File, Format Version 12.00
# Visual Studio Version 17
VisualStudioVersion = 17.9.34407.89
MinimumVisualStudioVersion = 10.0.40219.1
Project("{9A19103F-16F7-4668-BE54-9A1E7A4F7556}") = "Filer2(UI)", "Filer2(UI).csproj", "{22739C60-C936-414A-B5C3-00AD97EA8C2E}"
EndProject
Global
	GlobalSection(SolutionConfigurationPlatforms) = preSolution
		Debug|Any CPU = Debug|Any CPU
		Release|Any CPU = Release|Any CPU
	EndGlobalSection
	GlobalSection(ProjectConfigurationPlatforms) = postSolution
		{22739C60-C936-414A-B5C3-00AD97EA8C2E}.Debug|Any CPU.ActiveCfg = Debug|Any CPU
		{22739C60-C936-414A-B5C3-00AD97EA8C2E}.Debug|Any CPU.Build.0 = Debug|Any CPU
		{22739C60-C936-414A-B5C3-00AD97EA8C2E}.Release|Any CPU.ActiveCfg = Release|Any CPU
		{22739C60-C936-414A-B5C3-00AD97EA8C2E}.Release|Any CPU.Build.0 = Release|Any CPU
	EndGlobalSection
	GlobalSection(SolutionProperties) = preSolution
		HideSolutionNode = FALSE
	EndGlobalSection
	GlobalSection(ExtensibilityGlobals) = postSolution
		SolutionGuid = {E1FD6F18-9C93-48AE-84CC-92E023B19C8C}
	EndGlobalSection
EndGlobal
